schema: '2.0'
stages:
  validation:
    cmd: python src/data_pipeline/data_validation.py
    deps:
    - path: data/raw/train.csv
      hash: md5
      md5: e59c291a4b1c640f1dab33b89daa22e1
      size: 200589097
  transform:
    cmd: python src/data_pipeline/data_preprocessing.py
    deps:
    - path: data/raw/train.csv
      hash: md5
      md5: e59c291a4b1c640f1dab33b89daa22e1
      size: 200589097
    - path: src/data_pipeline/data_preprocessing.py
      hash: md5
      md5: f476f186f05ac841739777615b52b5f2
      size: 6823
    outs:
    - path: data/transformed/train_final.csv
      hash: md5
      md5: f216c3e28b80efe5b36bc92c2bbcf746
      size: 232550193
  train:
    cmd: python src/models/model_training.py
    deps:
    - path: data/transformed/train_final.csv
      hash: md5
      md5: f216c3e28b80efe5b36bc92c2bbcf746
      size: 232550193
    - path: src/models/model_training.py
      hash: md5
      md5: effd55991cf7e00094ba3a7bb7fc1fc6
      size: 4784
    params:
      params.yaml:
        train.learning_rate: 0.03
        train.max_depth: 8
    outs:
    - path: models/pricing_xgb_model.json
      hash: md5
      md5: 6bd0d2e4420c56cf5ed02b4a45584266
      size: 29620987
    - path: reports/metrics.json
      hash: md5
      md5: 59e065a4b8821db4f06589683d9ad429
      size: 81
